
Microsoft Visual Studio Solution File, Format Version 12.00
# Visual Studio Version 16
VisualStudioVersion = 16.0.30717.126
MinimumVisualStudioVersion = 10.0.40219.1
Project("{FAE04EC0-301F-11D3-BF4B-00C04F79EFBC}") = "FYP", "FYP\FYP.csproj", "{1B11F8F9-D51F-4481-8FB1-5C0DC33C3146}"
EndProject
Global
	GlobalSection(SolutionConfigurationPlatforms) = preSolution
		Debug|Any CPU = Debug|Any CPU
		Release|Any CPU = Release|Any CPU
	EndGlobalSection
	GlobalSection(ProjectConfigurationPlatforms) = postSolution
		{1B11F8F9-D51F-4481-8FB1-5C0DC33C3146}.Debug|Any CPU.ActiveCfg = Debug|Any CPU
		{1B11F8F9-D51F-4481-8FB1-5C0DC33C3146}.Debug|Any CPU.Build.0 = Debug|Any CPU
		{1B11F8F9-D51F-4481-8FB1-5C0DC33C3146}.Release|Any CPU.ActiveCfg = Release|Any CPU
		{1B11F8F9-D51F-4481-8FB1-5C0DC33C3146}.Release|Any CPU.Build.0 = Release|Any CPU
	EndGlobalSection
	GlobalSection(SolutionProperties) = preSolution
		HideSolutionNode = FALSE
	EndGlobalSection
	GlobalSection(ExtensibilityGlobals) = postSolution
		SolutionGuid = {9D883B4A-D6E9-4AE7-9780-E9FBD5460C5F}
	EndGlobalSection
EndGlobal
